
Microsoft Visual Studio Solution File, Format Version 12.00
Project("{FAE04EC0-301F-11D3-BF4B-00C04F79EFBC}") = "AnoPDF", "AnoPDF\AnoPDF.csproj", "{327E40F6-807E-41A1-8FB9-B6C7FACD3DE7}"
EndProject
Project("{FAE04EC0-301F-11D3-BF4B-00C04F79EFBC}") = "AnoPDF.Tests", "AnoPDF.Tests\AnoPDF.Tests.csproj", "{15D9A904-130F-4449-B137-D9FE7FA1B408}"
EndProject
Project("{FAE04EC0-301F-11D3-BF4B-00C04F79EFBC}") = "AnoPDF.Rendering", "AnoPDF.Rendering\AnoPDF.Rendering.csproj", "{E16460C6-362A-40A8-BC7F-EEDAD340D194}"
EndProject
Project("{FAE04EC0-301F-11D3-BF4B-00C04F79EFBC}") = "AnoPDF.Rendering.Tests", "AnoPDF.Rendering.Tests\AnoPDF.Rendering.Tests.csproj", "{8BB2BED5-18BC-4FAD-A830-FC765983AE3D}"
EndProject
Project("{FAE04EC0-301F-11D3-BF4B-00C04F79EFBC}") = "AnoPDF.Viewer", "AnoPDF.Viewer\AnoPDF.Viewer.csproj", "{0488CFA9-B7D6-408A-9908-C6D6905F0067}"
EndProject
Project("{FAE04EC0-301F-11D3-BF4B-00C04F79EFBC}") = "AnoPDF.Viewer.Tests", "AnoPDF.Viewer.Tests\AnoPDF.Viewer.Tests.csproj", "{078B7832-B6D7-4615-9A11-7CBE7004FB75}"
EndProject
Project("{FAE04EC0-301F-11D3-BF4B-00C04F79EFBC}") = "AnoPDF.Desktop", "AnoPDF.Desktop\AnoPDF.Desktop.csproj", "{59963D2F-62BC-4C8D-9128-36EEAC63D886}"
EndProject
Global
	GlobalSection(SolutionConfigurationPlatforms) = preSolution
		Debug|Any CPU = Debug|Any CPU
		Debug|x64 = Debug|x64
		Debug|x86 = Debug|x86
		Release|Any CPU = Release|Any CPU
		Release|x64 = Release|x64
		Release|x86 = Release|x86
	EndGlobalSection
	GlobalSection(ProjectConfigurationPlatforms) = postSolution
		{327E40F6-807E-41A1-8FB9-B6C7FACD3DE7}.Debug|Any CPU.ActiveCfg = Debug|Any CPU
		{327E40F6-807E-41A1-8FB9-B6C7FACD3DE7}.Debug|Any CPU.Build.0 = Debug|Any CPU
		{327E40F6-807E-41A1-8FB9-B6C7FACD3DE7}.Debug|x64.ActiveCfg = Debug|Any CPU
		{327E40F6-807E-41A1-8FB9-B6C7FACD3DE7}.Debug|x64.Build.0 = Debug|Any CPU
		{327E40F6-807E-41A1-8FB9-B6C7FACD3DE7}.Debug|x86.ActiveCfg = Debug|Any CPU
		{327E40F6-807E-41A1-8FB9-B6C7FACD3DE7}.Debug|x86.Build.0 = Debug|Any CPU
		{327E40F6-807E-41A1-8FB9-B6C7FACD3DE7}.Release|Any CPU.ActiveCfg = Release|Any CPU
		{327E40F6-807E-41A1-8FB9-B6C7FACD3DE7}.Release|Any CPU.Build.0 = Release|Any CPU
		{327E40F6-807E-41A1-8FB9-B6C7FACD3DE7}.Release|x64.ActiveCfg = Release|Any CPU
		{327E40F6-807E-41A1-8FB9-B6C7FACD3DE7}.Release|x64.Build.0 = Release|Any CPU
		{327E40F6-807E-41A1-8FB9-B6C7FACD3DE7}.Release|x86.ActiveCfg = Release|Any CPU
		{327E40F6-807E-41A1-8FB9-B6C7FACD3DE7}.Release|x86.Build.0 = Release|Any CPU
		{15D9A904-130F-4449-B137-D9FE7FA1B408}.Debug|Any CPU.ActiveCfg = Debug|Any CPU
		{15D9A904-130F-4449-B137-D9FE7FA1B408}.Debug|Any CPU.Build.0 = Debug|Any CPU
		{15D9A904-130F-4449-B137-D9FE7FA1B408}.Debug|x64.ActiveCfg = Debug|Any CPU
		{15D9A904-130F-4449-B137-D9FE7FA1B408}.Debug|x64.Build.0 = Debug|Any CPU
		{15D9A904-130F-4449-B137-D9FE7FA1B408}.Debug|x86.ActiveCfg = Debug|Any CPU
		{15D9A904-130F-4449-B137-D9FE7FA1B408}.Debug|x86.Build.0 = Debug|Any CPU
		{15D9A904-130F-4449-B137-D9FE7FA1B408}.Release|Any CPU.ActiveCfg = Release|Any CPU
		{15D9A904-130F-4449-B137-D9FE7FA1B408}.Release|Any CPU.Build.0 = Release|Any CPU
		{15D9A904-130F-4449-B137-D9FE7FA1B408}.Release|x64.ActiveCfg = Release|Any CPU
		{15D9A904-130F-4449-B137-D9FE7FA1B408}.Release|x64.Build.0 = Release|Any CPU
		{15D9A904-130F-4449-B137-D9FE7FA1B408}.Release|x86.ActiveCfg = Release|Any CPU
		{15D9A904-130F-4449-B137-D9FE7FA1B408}.Release|x86.Build.0 = Release|Any CPU
		{E16460C6-362A-40A8-BC7F-EEDAD340D194}.Debug|Any CPU.ActiveCfg = Debug|Any CPU
		{E16460C6-362A-40A8-BC7F-EEDAD340D194}.Debug|Any CPU.Build.0 = Debug|Any CPU
		{E16460C6-362A-40A8-BC7F-EEDAD340D194}.Debug|x64.ActiveCfg = Debug|Any CPU
		{E16460C6-362A-40A8-BC7F-EEDAD340D194}.Debug|x64.Build.0 = Debug|Any CPU
		{E16460C6-362A-40A8-BC7F-EEDAD340D194}.Debug|x86.ActiveCfg = Debug|Any CPU
		{E16460C6-362A-40A8-BC7F-EEDAD340D194}.Debug|x86.Build.0 = Debug|Any CPU
		{E16460C6-362A-40A8-BC7F-EEDAD340D194}.Release|Any CPU.ActiveCfg = Release|Any CPU
		{E16460C6-362A-40A8-BC7F-EEDAD340D194}.Release|Any CPU.Build.0 = Release|Any CPU
		{E16460C6-362A-40A8-BC7F-EEDAD340D194}.Release|x64.ActiveCfg = Release|Any CPU
		{E16460C6-362A-40A8-BC7F-EEDAD340D194}.Release|x64.Build.0 = Release|Any CPU
		{E16460C6-362A-40A8-BC7F-EEDAD340D194}.Release|x86.ActiveCfg = Release|Any CPU
		{E16460C6-362A-40A8-BC7F-EEDAD340D194}.Release|x86.Build.0 = Release|Any CPU
		{8BB2BED5-18BC-4FAD-A830-FC765983AE3D}.Debug|Any CPU.ActiveCfg = Debug|Any CPU
		{8BB2BED5-18BC-4FAD-A830-FC765983AE3D}.Debug|Any CPU.Build.0 = Debug|Any CPU
		{8BB2BED5-18BC-4FAD-A830-FC765983AE3D}.Debug|x64.ActiveCfg = Debug|Any CPU
		{8BB2BED5-18BC-4FAD-A830-FC765983AE3D}.Debug|x64.Build.0 = Debug|Any CPU
		{8BB2BED5-18BC-4FAD-A830-FC765983AE3D}.Debug|x86.ActiveCfg = Debug|Any CPU
		{8BB2BED5-18BC-4FAD-A830-FC765983AE3D}.Debug|x86.Build.0 = Debug|Any CPU
		{8BB2BED5-18BC-4FAD-A830-FC765983AE3D}.Release|Any CPU.ActiveCfg = Release|Any CPU
		{8BB2BED5-18BC-4FAD-A830-FC765983AE3D}.Release|Any CPU.Build.0 = Release|Any CPU
		{8BB2BED5-18BC-4FAD-A830-FC765983AE3D}.Release|x64.ActiveCfg = Release|Any CPU
		{8BB2BED5-18BC-4FAD-A830-FC765983AE3D}.Release|x64.Build.0 = Release|Any CPU
		{8BB2BED5-18BC-4FAD-A830-FC765983AE3D}.Release|x86.ActiveCfg = Release|Any CPU
		{8BB2BED5-18BC-4FAD-A830-FC765983AE3D}.Release|x86.Build.0 = Release|Any CPU
		{0488CFA9-B7D6-408A-9908-C6D6905F0067}.Debug|Any CPU.ActiveCfg = Debug|Any CPU
		{0488CFA9-B7D6-408A-9908-C6D6905F0067}.Debug|Any CPU.Build.0 = Debug|Any CPU
		{0488CFA9-B7D6-408A-9908-C6D6905F0067}.Debug|x64.ActiveCfg = Debug|Any CPU
		{0488CFA9-B7D6-408A-9908-C6D6905F0067}.Debug|x64.Build.0 = Debug|Any CPU
		{0488CFA9-B7D6-408A-9908-C6D6905F0067}.Debug|x86.ActiveCfg = Debug|Any CPU
		{0488CFA9-B7D6-408A-9908-C6D6905F0067}.Debug|x86.Build.0 = Debug|Any CPU
		{0488CFA9-B7D6-408A-9908-C6D6905F0067}.Release|Any CPU.ActiveCfg = Release|Any CPU
		{0488CFA9-B7D6-408A-9908-C6D6905F0067}.Release|Any CPU.Build.0 = Release|Any CPU
		{0488CFA9-B7D6-408A-9908-C6D6905F0067}.Release|x64.ActiveCfg = Release|Any CPU
		{0488CFA9-B7D6-408A-9908-C6D6905F0067}.Release|x64.Build.0 = Release|Any CPU
		{0488CFA9-B7D6-408A-9908-C6D6905F0067}.Release|x86.ActiveCfg = Release|Any CPU
		{0488CFA9-B7D6-408A-9908-C6D6905F0067}.Release|x86.Build.0 = Release|Any CPU
		{078B7832-B6D7-4615-9A11-7CBE7004FB75}.Debug|Any CPU.ActiveCfg = Debug|Any CPU
		{078B7832-B6D7-4615-9A11-7CBE7004FB75}.Debug|Any CPU.Build.0 = Debug|Any CPU
		{078B7832-B6D7-4615-9A11-7CBE7004FB75}.Debug|x64.ActiveCfg = Debug|Any CPU
		{078B7832-B6D7-4615-9A11-7CBE7004FB75}.Debug|x64.Build.0 = Debug|Any CPU
		{078B7832-B6D7-4615-9A11-7CBE7004FB75}.Debug|x86.ActiveCfg = Debug|Any CPU
		{078B7832-B6D7-4615-9A11-7CBE7004FB75}.Debug|x86.Build.0 = Debug|Any CPU
		{078B7832-B6D7-4615-9A11-7CBE7004FB75}.Release|Any CPU.ActiveCfg = Release|Any CPU
		{078B7832-B6D7-4615-9A11-7CBE7004FB75}.Release|Any CPU.Build.0 = Release|Any CPU
		{078B7832-B6D7-4615-9A11-7CBE7004FB75}.Release|x64.ActiveCfg = Release|Any CPU
		{078B7832-B6D7-4615-9A11-7CBE7004FB75}.Release|x64.Build.0 = Release|Any CPU
		{078B7832-B6D7-4615-9A11-7CBE7004FB75}.Release|x86.ActiveCfg = Release|Any CPU
		{078B7832-B6D7-4615-9A11-7CBE7004FB75}.Release|x86.Build.0 = Release|Any CPU
		{59963D2F-62BC-4C8D-9128-36EEAC63D886}.Debug|Any CPU.ActiveCfg = Debug|Any CPU
		{59963D2F-62BC-4C8D-9128-36EEAC63D886}.Debug|Any CPU.Build.0 = Debug|Any CPU
		{59963D2F-62BC-4C8D-9128-36EEAC63D886}.Debug|x64.ActiveCfg = Debug|Any CPU
		{59963D2F-62BC-4C8D-9128-36EEAC63D886}.Debug|x64.Build.0 = Debug|Any CPU
		{59963D2F-62BC-4C8D-9128-36EEAC63D886}.Debug|x86.ActiveCfg = Debug|Any CPU
		{59963D2F-62BC-4C8D-9128-36EEAC63D886}.Debug|x86.Build.0 = Debug|Any CPU
		{59963D2F-62BC-4C8D-9128-36EEAC63D886}.Release|Any CPU.ActiveCfg = Release|Any CPU
		{59963D2F-62BC-4C8D-9128-36EEAC63D886}.Release|Any CPU.Build.0 = Release|Any CPU
		{59963D2F-62BC-4C8D-9128-36EEAC63D886}.Release|x64.ActiveCfg = Release|Any CPU
		{59963D2F-62BC-4C8D-9128-36EEAC63D886}.Release|x64.Build.0 = Release|Any CPU
		{59963D2F-62BC-4C8D-9128-36EEAC63D886}.Release|x86.ActiveCfg = Release|Any CPU
		{59963D2F-62BC-4C8D-9128-36EEAC63D886}.Release|x86.Build.0 = Release|Any CPU
	EndGlobalSection
	GlobalSection(SolutionProperties) = preSolution
		HideSolutionNode = FALSE
	EndGlobalSection
EndGlobal
