
Microsoft Visual Studio Solution File, Format Version 12.00
Project("{FAE04EC0-301F-11D3-BF4B-00C04F79EFBC}") = "AnoPDF", "AnoPDF\AnoPDF.csproj", "{327E40F6-807E-41A1-8FB9-B6C7FACD3DE7}"
EndProject
Project("{FAE04EC0-301F-11D3-BF4B-00C04F79EFBC}") = "AnoPDF.Tests", "AnoPDF.Tests\AnoPDF.Tests.csproj", "{15D9A904-130F-4449-B137-D9FE7FA1B408}"
EndProject
Global
	GlobalSection(SolutionConfigurationPlatforms) = preSolution
		Debug|Any CPU = Debug|Any CPU
		Debug|x64 = Debug|x64
		Debug|x86 = Debug|x86
		Release|Any CPU = Release|Any CPU
		Release|x64 = Release|x64
		Release|x86 = Release|x86
	EndGlobalSection
	GlobalSection(ProjectConfigurationPlatforms) = postSolution
		{327E40F6-807E-41A1-8FB9-B6C7FACD3DE7}.Debug|Any CPU.ActiveCfg = Debug|Any CPU
		{327E40F6-807E-41A1-8FB9-B6C7FACD3DE7}.Debug|Any CPU.Build.0 = Debug|Any CPU
		{327E40F6-807E-41A1-8FB9-B6C7FACD3DE7}.Debug|x64.ActiveCfg = Debug|Any CPU
		{327E40F6-807E-41A1-8FB9-B6C7FACD3DE7}.Debug|x64.Build.0 = Debug|Any CPU
		{327E40F6-807E-41A1-8FB9-B6C7FACD3DE7}.Debug|x86.ActiveCfg = Debug|Any CPU
		{327E40F6-807E-41A1-8FB9-B6C7FACD3DE7}.Debug|x86.Build.0 = Debug|Any CPU
		{327E40F6-807E-41A1-8FB9-B6C7FACD3DE7}.Release|Any CPU.ActiveCfg = Release|Any CPU
		{327E40F6-807E-41A1-8FB9-B6C7FACD3DE7}.Release|Any CPU.Build.0 = Release|Any CPU
		{327E40F6-807E-41A1-8FB9-B6C7FACD3DE7}.Release|x64.ActiveCfg = Release|Any CPU
		{327E40F6-807E-41A1-8FB9-B6C7FACD3DE7}.Release|x64.Build.0 = Release|Any CPU
		{327E40F6-807E-41A1-8FB9-B6C7FACD3DE7}.Release|x86.ActiveCfg = Release|Any CPU
		{327E40F6-807E-41A1-8FB9-B6C7FACD3DE7}.Release|x86.Build.0 = Release|Any CPU
		{15D9A904-130F-4449-B137-D9FE7FA1B408}.Debug|Any CPU.ActiveCfg = Debug|Any CPU
		{15D9A904-130F-4449-B137-D9FE7FA1B408}.Debug|Any CPU.Build.0 = Debug|Any CPU
		{15D9A904-130F-4449-B137-D9FE7FA1B408}.Debug|x64.ActiveCfg = Debug|Any CPU
		{15D9A904-130F-4449-B137-D9FE7FA1B408}.Debug|x64.Build.0 = Debug|Any CPU
		{15D9A904-130F-4449-B137-D9FE7FA1B408}.Debug|x86.ActiveCfg = Debug|Any CPU
		{15D9A904-130F-4449-B137-D9FE7FA1B408}.Debug|x86.Build.0 = Debug|Any CPU
		{15D9A904-130F-4449-B137-D9FE7FA1B408}.Release|Any CPU.ActiveCfg = Release|Any CPU
		{15D9A904-130F-4449-B137-D9FE7FA1B408}.Release|Any CPU.Build.0 = Release|Any CPU
		{15D9A904-130F-4449-B137-D9FE7FA1B408}.Release|x64.ActiveCfg = Release|Any CPU
		{15D9A904-130F-4449-B137-D9FE7FA1B408}.Release|x64.Build.0 = Release|Any CPU
		{15D9A904-130F-4449-B137-D9FE7FA1B408}.Release|x86.ActiveCfg = Release|Any CPU
		{15D9A904-130F-4449-B137-D9FE7FA1B408}.Release|x86.Build.0 = Release|Any CPU
	EndGlobalSection
	GlobalSection(SolutionProperties) = preSolution
		HideSolutionNode = FALSE
	EndGlobalSection
EndGlobal
